
Microsoft Visual Studio Solution File, Format Version 12.00
# Visual Studio 14
VisualStudioVersion = 14.0.24720.0
MinimumVisualStudioVersion = 10.0.40219.1
Project("{FAE04EC0-301F-11D3-BF4B-00C04F79EFBC}") = "DetectContour", "DetectContour\DetectContour.csproj", "{8A38A73E-058E-47C9-845E-BFDA75DE4DEA}"
EndProject
Project("{FAE04EC0-301F-11D3-BF4B-00C04F79EFBC}") = "IOService", "..\..\..\..\OneDrive\clean install min\repos\SpatialMapsCompare\IOService\IOService.csproj", "{B9DBCC45-0821-431C-939C-CCA3573971B8}"
EndProject
Global
	GlobalSection(SolutionConfigurationPlatforms) = preSolution
		Debug|Any CPU = Debug|Any CPU
		Release|Any CPU = Release|Any CPU
	EndGlobalSection
	GlobalSection(ProjectConfigurationPlatforms) = postSolution
		{8A38A73E-058E-47C9-845E-BFDA75DE4DEA}.Debug|Any CPU.ActiveCfg = Debug|Any CPU
		{8A38A73E-058E-47C9-845E-BFDA75DE4DEA}.Debug|Any CPU.Build.0 = Debug|Any CPU
		{8A38A73E-058E-47C9-845E-BFDA75DE4DEA}.Release|Any CPU.ActiveCfg = Release|Any CPU
		{8A38A73E-058E-47C9-845E-BFDA75DE4DEA}.Release|Any CPU.Build.0 = Release|Any CPU
		{B9DBCC45-0821-431C-939C-CCA3573971B8}.Debug|Any CPU.ActiveCfg = Debug|Any CPU
		{B9DBCC45-0821-431C-939C-CCA3573971B8}.Debug|Any CPU.Build.0 = Debug|Any CPU
		{B9DBCC45-0821-431C-939C-CCA3573971B8}.Release|Any CPU.ActiveCfg = Release|Any CPU
		{B9DBCC45-0821-431C-939C-CCA3573971B8}.Release|Any CPU.Build.0 = Release|Any CPU
	EndGlobalSection
	GlobalSection(SolutionProperties) = preSolution
		HideSolutionNode = FALSE
	EndGlobalSection
EndGlobal
